
Microsoft Visual Studio Solution File, Format Version 12.00
# Visual Studio Version 16
VisualStudioVersion = 16.0.31105.61
MinimumVisualStudioVersion = 10.0.40219.1
Project("{FAE04EC0-301F-11D3-BF4B-00C04F79EFBC}") = "PrismAnalyzer", "PrismAnalyzer\PrismAnalyzer\PrismAnalyzer.csproj", "{71CA7EC1-F60E-4482-BA51-DF2CFEEFBFD5}"
EndProject
Project("{FAE04EC0-301F-11D3-BF4B-00C04F79EFBC}") = "PrismAnalyzer.CodeFixes", "PrismAnalyzer\PrismAnalyzer.CodeFixes\PrismAnalyzer.CodeFixes.csproj", "{C076F3D6-6E11-465A-9BCC-0B3C96D4C1B4}"
EndProject
Project("{FAE04EC0-301F-11D3-BF4B-00C04F79EFBC}") = "PrismAnalyzer.Package", "PrismAnalyzer\PrismAnalyzer.Package\PrismAnalyzer.Package.csproj", "{E7C88754-FB34-4E85-A3B9-9F25F5A600B7}"
EndProject
Project("{FAE04EC0-301F-11D3-BF4B-00C04F79EFBC}") = "PrismAnalyzer.Test", "PrismAnalyzer\PrismAnalyzer.Test\PrismAnalyzer.Test.csproj", "{54B03796-79F2-4A01-922A-9F4BAB850F45}"
EndProject
Project("{FAE04EC0-301F-11D3-BF4B-00C04F79EFBC}") = "PrismAnalyzer.Vsix", "PrismAnalyzer\PrismAnalyzer.Vsix\PrismAnalyzer.Vsix.csproj", "{17BF55A6-D3EA-4D19-AA41-C49195B4AC9C}"
EndProject
Global
	GlobalSection(SolutionConfigurationPlatforms) = preSolution
		Debug|Any CPU = Debug|Any CPU
		Release|Any CPU = Release|Any CPU
	EndGlobalSection
	GlobalSection(ProjectConfigurationPlatforms) = postSolution
		{71CA7EC1-F60E-4482-BA51-DF2CFEEFBFD5}.Debug|Any CPU.ActiveCfg = Debug|Any CPU
		{71CA7EC1-F60E-4482-BA51-DF2CFEEFBFD5}.Debug|Any CPU.Build.0 = Debug|Any CPU
		{71CA7EC1-F60E-4482-BA51-DF2CFEEFBFD5}.Release|Any CPU.ActiveCfg = Release|Any CPU
		{71CA7EC1-F60E-4482-BA51-DF2CFEEFBFD5}.Release|Any CPU.Build.0 = Release|Any CPU
		{C076F3D6-6E11-465A-9BCC-0B3C96D4C1B4}.Debug|Any CPU.ActiveCfg = Debug|Any CPU
		{C076F3D6-6E11-465A-9BCC-0B3C96D4C1B4}.Debug|Any CPU.Build.0 = Debug|Any CPU
		{C076F3D6-6E11-465A-9BCC-0B3C96D4C1B4}.Release|Any CPU.ActiveCfg = Release|Any CPU
		{C076F3D6-6E11-465A-9BCC-0B3C96D4C1B4}.Release|Any CPU.Build.0 = Release|Any CPU
		{E7C88754-FB34-4E85-A3B9-9F25F5A600B7}.Debug|Any CPU.ActiveCfg = Debug|Any CPU
		{E7C88754-FB34-4E85-A3B9-9F25F5A600B7}.Debug|Any CPU.Build.0 = Debug|Any CPU
		{E7C88754-FB34-4E85-A3B9-9F25F5A600B7}.Release|Any CPU.ActiveCfg = Release|Any CPU
		{E7C88754-FB34-4E85-A3B9-9F25F5A600B7}.Release|Any CPU.Build.0 = Release|Any CPU
		{54B03796-79F2-4A01-922A-9F4BAB850F45}.Debug|Any CPU.ActiveCfg = Debug|Any CPU
		{54B03796-79F2-4A01-922A-9F4BAB850F45}.Debug|Any CPU.Build.0 = Debug|Any CPU
		{54B03796-79F2-4A01-922A-9F4BAB850F45}.Release|Any CPU.ActiveCfg = Release|Any CPU
		{54B03796-79F2-4A01-922A-9F4BAB850F45}.Release|Any CPU.Build.0 = Release|Any CPU
		{17BF55A6-D3EA-4D19-AA41-C49195B4AC9C}.Debug|Any CPU.ActiveCfg = Debug|Any CPU
		{17BF55A6-D3EA-4D19-AA41-C49195B4AC9C}.Debug|Any CPU.Build.0 = Debug|Any CPU
		{17BF55A6-D3EA-4D19-AA41-C49195B4AC9C}.Release|Any CPU.ActiveCfg = Release|Any CPU
		{17BF55A6-D3EA-4D19-AA41-C49195B4AC9C}.Release|Any CPU.Build.0 = Release|Any CPU
	EndGlobalSection
	GlobalSection(SolutionProperties) = preSolution
		HideSolutionNode = FALSE
	EndGlobalSection
	GlobalSection(ExtensibilityGlobals) = postSolution
		SolutionGuid = {D2B44CCB-539F-4B5A-8E00-58C94F860845}
	EndGlobalSection
EndGlobal
